PODS:
  - Alamofire (5.0.4)
  - Kingfisher (5.13.2):
    - Kingfisher/Core (= 5.13.2)
  - Kingfisher/Core (5.13.2)
  - SAConfettiView (0.1.8)
  - SwiftKeychainWrapper (3.4.0)

DEPENDENCIES:
  - Alamofire
  - Kingfisher
  - SAConfettiView
  - SwiftKeychainWrapper

SPEC REPOS:
  trunk:
    - Alamofire
    - Kingfisher
    - SAConfettiView
    - SwiftKeychainWrapper

SPEC CHECKSUMS:
  Alamofire: 0fe5fd24b4298dc377a6550da7d5f1b30e286fcb
  Kingfisher: d342c8354c10c3d85a27d6d4c42c41285924b898
  SAConfettiView: c87031a2280659261b730fce3669fb10e73636ee
  SwiftKeychainWrapper: 6fc49fbf7d4a6b0772917acb0e53a1639f6078d6

PODFILE CHECKSUM: f5cd93455008c527c0e5073e45aacc13e7d6cbc1

COCOAPODS: 1.9.1
